
Microsoft Visual Studio Solution File, Format Version 12.00
# Visual Studio Version 17
VisualStudioVersion = 17.6.33829.357
MinimumVisualStudioVersion = 10.0.40219.1
Project("{9A19103F-16F7-4668-BE54-9A1E7A4F7556}") = "Ecommerce", "Ecommerce\Ecommerce.csproj", "{2DA83BF9-A9F6-498C-9BA4-AABDE9316EA0}"
EndProject
Project("{FAE04EC0-301F-11D3-BF4B-00C04F79EFBC}") = "Ecommerce.Service", "Ecommerce.Service\Ecommerce.Service.csproj", "{C2023515-9FB1-400B-A1F3-9EEEEB771E68}"
EndProject
Project("{FAE04EC0-301F-11D3-BF4B-00C04F79EFBC}") = "Ecommerce.Modelos", "Ecommerce.Modelos\Ecommerce.Modelos.csproj", "{7877D965-2640-4C5B-8CBE-17CB524E746E}"
EndProject
Project("{FAE04EC0-301F-11D3-BF4B-00C04F79EFBC}") = "Ecommerces.Repositorio", "Ecommerces.Repositorio\Ecommerces.Repositorio.csproj", "{446126B0-669B-4F2F-9CA7-28B00312E6B3}"
EndProject
Global
	GlobalSection(SolutionConfigurationPlatforms) = preSolution
		Debug|Any CPU = Debug|Any CPU
		Release|Any CPU = Release|Any CPU
	EndGlobalSection
	GlobalSection(ProjectConfigurationPlatforms) = postSolution
		{2DA83BF9-A9F6-498C-9BA4-AABDE9316EA0}.Debug|Any CPU.ActiveCfg = Debug|Any CPU
		{2DA83BF9-A9F6-498C-9BA4-AABDE9316EA0}.Debug|Any CPU.Build.0 = Debug|Any CPU
		{2DA83BF9-A9F6-498C-9BA4-AABDE9316EA0}.Release|Any CPU.ActiveCfg = Release|Any CPU
		{2DA83BF9-A9F6-498C-9BA4-AABDE9316EA0}.Release|Any CPU.Build.0 = Release|Any CPU
		{C2023515-9FB1-400B-A1F3-9EEEEB771E68}.Debug|Any CPU.ActiveCfg = Debug|Any CPU
		{C2023515-9FB1-400B-A1F3-9EEEEB771E68}.Debug|Any CPU.Build.0 = Debug|Any CPU
		{C2023515-9FB1-400B-A1F3-9EEEEB771E68}.Release|Any CPU.ActiveCfg = Release|Any CPU
		{C2023515-9FB1-400B-A1F3-9EEEEB771E68}.Release|Any CPU.Build.0 = Release|Any CPU
		{7877D965-2640-4C5B-8CBE-17CB524E746E}.Debug|Any CPU.ActiveCfg = Debug|Any CPU
		{7877D965-2640-4C5B-8CBE-17CB524E746E}.Debug|Any CPU.Build.0 = Debug|Any CPU
		{7877D965-2640-4C5B-8CBE-17CB524E746E}.Release|Any CPU.ActiveCfg = Release|Any CPU
		{7877D965-2640-4C5B-8CBE-17CB524E746E}.Release|Any CPU.Build.0 = Release|Any CPU
		{446126B0-669B-4F2F-9CA7-28B00312E6B3}.Debug|Any CPU.ActiveCfg = Debug|Any CPU
		{446126B0-669B-4F2F-9CA7-28B00312E6B3}.Debug|Any CPU.Build.0 = Debug|Any CPU
		{446126B0-669B-4F2F-9CA7-28B00312E6B3}.Release|Any CPU.ActiveCfg = Release|Any CPU
		{446126B0-669B-4F2F-9CA7-28B00312E6B3}.Release|Any CPU.Build.0 = Release|Any CPU
	EndGlobalSection
	GlobalSection(SolutionProperties) = preSolution
		HideSolutionNode = FALSE
	EndGlobalSection
	GlobalSection(ExtensibilityGlobals) = postSolution
		SolutionGuid = {B7B72556-5F54-4EC4-A08A-B1F5A082EC55}
	EndGlobalSection
EndGlobal
